
Microsoft Visual Studio Solution File, Format Version 12.00
# Visual Studio Version 16
VisualStudioVersion = 16.0.30320.27
MinimumVisualStudioVersion = 10.0.40219.1
Project("{FAE04EC0-301F-11D3-BF4B-00C04F79EFBC}") = "API", "API\API.csproj", "{13D188DB-EA19-4BB6-94E5-25F1596C775D}"
EndProject
Global
	GlobalSection(SolutionConfigurationPlatforms) = preSolution
		Debug|Any CPU = Debug|Any CPU
		Release|Any CPU = Release|Any CPU
	EndGlobalSection
	GlobalSection(ProjectConfigurationPlatforms) = postSolution
		{13D188DB-EA19-4BB6-94E5-25F1596C775D}.Debug|Any CPU.ActiveCfg = Debug|Any CPU
		{13D188DB-EA19-4BB6-94E5-25F1596C775D}.Debug|Any CPU.Build.0 = Debug|Any CPU
		{13D188DB-EA19-4BB6-94E5-25F1596C775D}.Release|Any CPU.ActiveCfg = Release|Any CPU
		{13D188DB-EA19-4BB6-94E5-25F1596C775D}.Release|Any CPU.Build.0 = Release|Any CPU
	EndGlobalSection
	GlobalSection(SolutionProperties) = preSolution
		HideSolutionNode = FALSE
	EndGlobalSection
	GlobalSection(ExtensibilityGlobals) = postSolution
		SolutionGuid = {AB7BCA6E-233F-4CB6-B5EF-6910D095931C}
	EndGlobalSection
EndGlobal
